// !$*UTF8*$!
{
	archiveVersion = 1;
	classes = {
	};
	objectVersion = 48;
	objects = {

/* Begin PBXBuildFile section */
		EAC7EE4420572FF70007A66D /* cis27Spring2018StephenMHw3Ex1.c in Sources */ = {isa = PBXBuildFile; fileRef = EAC7EE4320572FF70007A66D /* cis27Spring2018StephenMHw3Ex1.c */; };
		FA1020BF205A4388001B4456 /* FractionListUtilityStephenM.c in Sources */ = {isa = PBXBuildFile; fileRef = FA1020BE205A4388001B4456 /* FractionListUtilityStephenM.c */; };
		FAFF87B2205841BB00B56074 /* FractionListStephenM.c in Sources */ = {isa = PBXBuildFile; fileRef = FAFF87B1205841BB00B56074 /* FractionListStephenM.c */; };
/* End PBXBuildFile section */

/* Begin PBXCopyFilesBuildPhase section */
		EAC7EE3E20572FF70007A66D /* CopyFiles */ = {
			isa = PBXCopyFilesBuildPhase;
			buildActionMask = 2147483647;
			dstPath = /usr/share/man/man1/;
			dstSubfolderSpec = 0;
			files = (
			);
			runOnlyForDeploymentPostprocessing = 1;
		};
/* End PBXCopyFilesBuildPhase section */

/* Begin PBXFileReference section */
		EAC7EE4020572FF70007A66D /* cis27Spring2018StephenMHw3Ex1 */ = {isa = PBXFileReference; explicitFileType = "compiled.mach-o.executable"; includeInIndex = 0; path = cis27Spring2018StephenMHw3Ex1; sourceTree = BUILT_PRODUCTS_DIR; };
		EAC7EE4320572FF70007A66D /* cis27Spring2018StephenMHw3Ex1.c */ = {isa = PBXFileReference; lastKnownFileType = sourcecode.c.c; path = cis27Spring2018StephenMHw3Ex1.c; sourceTree = "<group>"; };
		FA1020BD205A42FE001B4456 /* FractionListUtilityStephenM.h */ = {isa = PBXFileReference; lastKnownFileType = sourcecode.c.h; path = FractionListUtilityStephenM.h; sourceTree = "<group>"; };
		FA1020BE205A4388001B4456 /* FractionListUtilityStephenM.c */ = {isa = PBXFileReference; lastKnownFileType = sourcecode.c.c; path = FractionListUtilityStephenM.c; sourceTree = "<group>"; };
		FAFF87B0205841BA00B56074 /* FractionListStephenM.h */ = {isa = PBXFileReference; fileEncoding = 4; lastKnownFileType = sourcecode.c.h; path = FractionListStephenM.h; sourceTree = "<group>"; };
		FAFF87B1205841BB00B56074 /* FractionListStephenM.c */ = {isa = PBXFileReference; fileEncoding = 4; lastKnownFileType = sourcecode.c.c; path = FractionListStephenM.c; sourceTree = "<group>"; };
/* End PBXFileReference section */

/* Begin PBXFrameworksBuildPhase section */
		EAC7EE3D20572FF70007A66D /* Frameworks */ = {
			isa = PBXFrameworksBuildPhase;
			buildActionMask = 2147483647;
			files = (
			);
			runOnlyForDeploymentPostprocessing = 0;
		};
/* End PBXFrameworksBuildPhase section */

/* Begin PBXGroup section */
		EAC7EE3720572FF70007A66D = {
			isa = PBXGroup;
			children = (
				EAC7EE4220572FF70007A66D /* cis27Spring2018StephenMHw3Ex1 */,
				EAC7EE4120572FF70007A66D /* Products */,
			);
			sourceTree = "<group>";
		};
		EAC7EE4120572FF70007A66D /* Products */ = {
			isa = PBXGroup;
			children = (
				EAC7EE4020572FF70007A66D /* cis27Spring2018StephenMHw3Ex1 */,
			);
			name = Products;
			sourceTree = "<group>";
		};
		EAC7EE4220572FF70007A66D /* cis27Spring2018StephenMHw3Ex1 */ = {
			isa = PBXGroup;
			children = (
				FAFF87B1205841BB00B56074 /* FractionListStephenM.c */,
				FAFF87B0205841BA00B56074 /* FractionListStephenM.h */,
				EAC7EE4320572FF70007A66D /* cis27Spring2018StephenMHw3Ex1.c */,
				FA1020BD205A42FE001B4456 /* FractionListUtilityStephenM.h */,
				FA1020BE205A4388001B4456 /* FractionListUtilityStephenM.c */,
			);
			path = cis27Spring2018StephenMHw3Ex1;
			sourceTree = "<group>";
		};
/* End PBXGroup section */

/* Begin PBXNativeTarget section */
		EAC7EE3F20572FF70007A66D /* cis27Spring2018StephenMHw3Ex1 */ = {
			isa = PBXNativeTarget;
			buildConfigurationList = EAC7EE4720572FF70007A66D /* Build configuration list for PBXNativeTarget "cis27Spring2018StephenMHw3Ex1" */;
			buildPhases = (
				EAC7EE3C20572FF70007A66D /* Sources */,
				EAC7EE3D20572FF70007A66D /* Frameworks */,
				EAC7EE3E20572FF70007A66D /* CopyFiles */,
			);
			buildRules = (
			);
			dependencies = (
			);
			name = cis27Spring2018StephenMHw3Ex1;
			productName = cis27Spring2018StephenMHw3Ex1;
			productReference = EAC7EE4020572FF70007A66D /* cis27Spring2018StephenMHw3Ex1 */;
			productType = "com.apple.product-type.tool";
		};
/* End PBXNativeTarget section */

/* Begin PBXProject section */
		EAC7EE3820572FF70007A66D /* Project object */ = {
			isa = PBXProject;
			attributes = {
				LastUpgradeCheck = 0920;
				ORGANIZATIONNAME = "Stephen Miller";
				TargetAttributes = {
					EAC7EE3F20572FF70007A66D = {
						CreatedOnToolsVersion = 9.2;
						ProvisioningStyle = Automatic;
					};
				};
			};
			buildConfigurationList = EAC7EE3B20572FF70007A66D /* Build configuration list for PBXProject "cis27Spring2018StephenMHw3Ex1" */;
			compatibilityVersion = "Xcode 8.0";
			developmentRegion = en;
			hasScannedForEncodings = 0;
			knownRegions = (
				en,
			);
			mainGroup = EAC7EE3720572FF70007A66D;
			productRefGroup = EAC7EE4120572FF70007A66D /* Products */;
			projectDirPath = "";
			projectRoot = "";
			targets = (
				EAC7EE3F20572FF70007A66D /* cis27Spring2018StephenMHw3Ex1 */,
			);
		};
/* End PBXProject section */

/* Begin PBXSourcesBuildPhase section */
		EAC7EE3C20572FF70007A66D /* Sources */ = {
			isa = PBXSourcesBuildPhase;
			buildActionMask = 2147483647;
			files = (
				EAC7EE4420572FF70007A66D /* cis27Spring2018StephenMHw3Ex1.c in Sources */,
				FA1020BF205A4388001B4456 /* FractionListUtilityStephenM.c in Sources */,
				FAFF87B2205841BB00B56074 /* FractionListStephenM.c in Sources */,
			);
			runOnlyForDeploymentPostprocessing = 0;
		};
/* End PBXSourcesBuildPhase section */

/* Begin XCBuildConfiguration section */
		EAC7EE4520572FF70007A66D /* Debug */ = {
			isa = XCBuildConfiguration;
			buildSettings = {
				ALWAYS_SEARCH_USER_PATHS = NO;
				CLANG_ANALYZER_NONNULL = YES;
				CLANG_ANALYZER_NUMBER_OBJECT_CONVERSION = YES_AGGRESSIVE;
				CLANG_CXX_LANGUAGE_STANDARD = "gnu++14";
				CLANG_CXX_LIBRARY = "libc++";
				CLANG_ENABLE_MODULES = YES;
				CLANG_ENABLE_OBJC_ARC = YES;
				CLANG_WARN_BLOCK_CAPTURE_AUTORELEASING = YES;
				CLANG_WARN_BOOL_CONVERSION = YES;
				CLANG_WARN_COMMA = YES;
				CLANG_WARN_CONSTANT_CONVERSION = YES;
				CLANG_WARN_DIRECT_OBJC_ISA_USAGE = YES_ERROR;
				CLANG_WARN_DOCUMENTATION_COMMENTS = YES;
				CLANG_WARN_EMPTY_BODY = YES;
				CLANG_WARN_ENUM_CONVERSION = YES;
				CLANG_WARN_INFINITE_RECURSION = YES;
				CLANG_WARN_INT_CONVERSION = YES;
				CLANG_WARN_NON_LITERAL_NULL_CONVERSION = YES;
				CLANG_WARN_OBJC_LITERAL_CONVERSION = YES;
				CLANG_WARN_OBJC_ROOT_CLASS = YES_ERROR;
				CLANG_WARN_RANGE_LOOP_ANALYSIS = YES;
				CLANG_WARN_STRICT_PROTOTYPES = YES;
				CLANG_WARN_SUSPICIOUS_MOVE = YES;
				CLANG_WARN_UNGUARDED_AVAILABILITY = YES_AGGRESSIVE;
				CLANG_WARN_UNREACHABLE_CODE = YES;
				CLANG_WARN__DUPLICATE_METHOD_MATCH = YES;
				CODE_SIGN_IDENTITY = "-";
				COPY_PHASE_STRIP = NO;
				DEBUG_INFORMATION_FORMAT = dwarf;
				ENABLE_STRICT_OBJC_MSGSEND = YES;
				ENABLE_TESTABILITY = YES;
				GCC_C_LANGUAGE_STANDARD = gnu11;
				GCC_DYNAMIC_NO_PIC = NO;
				GCC_NO_COMMON_BLOCKS = YES;
				GCC_OPTIMIZATION_LEVEL = 0;
				GCC_PREPROCESSOR_DEFINITIONS = (
					"DEBUG=1",
					"$(inherited)",
				);
				GCC_WARN_64_TO_32_BIT_CONVERSION = YES;
				GCC_WARN_ABOUT_RETURN_TYPE = YES_ERROR;
				GCC_WARN_UNDECLARED_SELECTOR = YES;
				GCC_WARN_UNINITIALIZED_AUTOS = YES_AGGRESSIVE;
				GCC_WARN_UNUSED_FUNCTION = YES;
				GCC_WARN_UNUSED_VARIABLE = YES;
				MACOSX_DEPLOYMENT_TARGET = 10.13;
				MTL_ENABLE_DEBUG_INFO = YES;
				ONLY_ACTIVE_ARCH = YES;
				SDKROOT = macosx;
			};
			name = Debug;
		};
		EAC7EE4620572FF70007A66D /* Release */ = {
			isa = XCBuildConfiguration;
			buildSettings = {
				ALWAYS_SEARCH_USER_PATHS = NO;
				CLANG_ANALYZER_NONNULL = YES;
				CLANG_ANALYZER_NUMBER_OBJECT_CONVERSION = YES_AGGRESSIVE;
				CLANG_CXX_LANGUAGE_STANDARD = "gnu++14";
				CLANG_CXX_LIBRARY = "libc++";
				CLANG_ENABLE_MODULES = YES;
				CLANG_ENABLE_OBJC_ARC = YES;
				CLANG_WARN_BLOCK_CAPTURE_AUTORELEASING = YES;
				CLANG_WARN_BOOL_CONVERSION = YES;
				CLANG_WARN_COMMA = YES;
				CLANG_WARN_CONSTANT_CONVERSION = YES;
				CLANG_WARN_DIRECT_OBJC_ISA_USAGE = YES_ERROR;
				CLANG_WARN_DOCUMENTATION_COMMENTS = YES;
				CLANG_WARN_EMPTY_BODY = YES;
				CLANG_WARN_ENUM_CONVERSION = YES;
				CLANG_WARN_INFINITE_RECURSION = YES;
				CLANG_WARN_INT_CONVERSION = YES;
				CLANG_WARN_NON_LITERAL_NULL_CONVERSION = YES;
				CLANG_WARN_OBJC_LITERAL_CONVERSION = YES;
				CLANG_WARN_OBJC_ROOT_CLASS = YES_ERROR;
				CLANG_WARN_RANGE_LOOP_ANALYSIS = YES;
				CLANG_WARN_STRICT_PROTOTYPES = YES;
				CLANG_WARN_SUSPICIOUS_MOVE = YES;
				CLANG_WARN_UNGUARDED_AVAILABILITY = YES_AGGRESSIVE;
				CLANG_WARN_UNREACHABLE_CODE = YES;
				CLANG_WARN__DUPLICATE_METHOD_MATCH = YES;
				CODE_SIGN_IDENTITY = "-";
				COPY_PHASE_STRIP = NO;
				DEBUG_INFORMATION_FORMAT = "dwarf-with-dsym";
				ENABLE_NS_ASSERTIONS = NO;
				ENABLE_STRICT_OBJC_MSGSEND = YES;
				GCC_C_LANGUAGE_STANDARD = gnu11;
				GCC_NO_COMMON_BLOCKS = YES;
				GCC_WARN_64_TO_32_BIT_CONVERSION = YES;
				GCC_WARN_ABOUT_RETURN_TYPE = YES_ERROR;
				GCC_WARN_UNDECLARED_SELECTOR = YES;
				GCC_WARN_UNINITIALIZED_AUTOS = YES_AGGRESSIVE;
				GCC_WARN_UNUSED_FUNCTION = YES;
				GCC_WARN_UNUSED_VARIABLE = YES;
				MACOSX_DEPLOYMENT_TARGET = 10.13;
				MTL_ENABLE_DEBUG_INFO = NO;
				SDKROOT = macosx;
			};
			name = Release;
		};
		EAC7EE4820572FF70007A66D /* Debug */ = {
			isa = XCBuildConfiguration;
			buildSettings = {
				CODE_SIGN_STYLE = Automatic;
				PRODUCT_NAME = "$(TARGET_NAME)";
			};
			name = Debug;
		};
		EAC7EE4920572FF70007A66D /* Release */ = {
			isa = XCBuildConfiguration;
			buildSettings = {
				CODE_SIGN_STYLE = Automatic;
				PRODUCT_NAME = "$(TARGET_NAME)";
			};
			name = Release;
		};
/* End XCBuildConfiguration section */

/* Begin XCConfigurationList section */
		EAC7EE3B20572FF70007A66D /* Build configuration list for PBXProject "cis27Spring2018StephenMHw3Ex1" */ = {
			isa = XCConfigurationList;
			buildConfigurations = (
				EAC7EE4520572FF70007A66D /* Debug */,
				EAC7EE4620572FF70007A66D /* Release */,
			);
			defaultConfigurationIsVisible = 0;
			defaultConfigurationName = Release;
		};
		EAC7EE4720572FF70007A66D /* Build configuration list for PBXNativeTarget "cis27Spring2018StephenMHw3Ex1" */ = {
			isa = XCConfigurationList;
			buildConfigurations = (
				EAC7EE4820572FF70007A66D /* Debug */,
				EAC7EE4920572FF70007A66D /* Release */,
			);
			defaultConfigurationIsVisible = 0;
			defaultConfigurationName = Release;
		};
/* End XCConfigurationList section */
	};
	rootObject = EAC7EE3820572FF70007A66D /* Project object */;
}
